
Microsoft Visual Studio Solution File, Format Version 12.00
# Visual Studio 14
VisualStudioVersion = 14.0.23107.0
MinimumVisualStudioVersion = 10.0.40219.1
Project("{FAE04EC0-301F-11D3-BF4B-00C04F79EFBC}") = "ENET", "ENET\ENET.csproj", "{A18F3709-2FD1-4463-AEB8-8A3BD5CF807C}"
EndProject
Project("{FAE04EC0-301F-11D3-BF4B-00C04F79EFBC}") = "ENET.Tests", "ENET.Tests\ENET.Tests.csproj", "{8CCDE95C-1A41-4E21-BA16-63BF683E4DC0}"
EndProject
Global
	GlobalSection(SolutionConfigurationPlatforms) = preSolution
		Debug|Any CPU = Debug|Any CPU
		Release|Any CPU = Release|Any CPU
	EndGlobalSection
	GlobalSection(ProjectConfigurationPlatforms) = postSolution
		{A18F3709-2FD1-4463-AEB8-8A3BD5CF807C}.Debug|Any CPU.ActiveCfg = Debug|Any CPU
		{A18F3709-2FD1-4463-AEB8-8A3BD5CF807C}.Debug|Any CPU.Build.0 = Debug|Any CPU
		{A18F3709-2FD1-4463-AEB8-8A3BD5CF807C}.Release|Any CPU.ActiveCfg = Release|Any CPU
		{A18F3709-2FD1-4463-AEB8-8A3BD5CF807C}.Release|Any CPU.Build.0 = Release|Any CPU
		{8CCDE95C-1A41-4E21-BA16-63BF683E4DC0}.Debug|Any CPU.ActiveCfg = Debug|Any CPU
		{8CCDE95C-1A41-4E21-BA16-63BF683E4DC0}.Debug|Any CPU.Build.0 = Debug|Any CPU
		{8CCDE95C-1A41-4E21-BA16-63BF683E4DC0}.Release|Any CPU.ActiveCfg = Release|Any CPU
		{8CCDE95C-1A41-4E21-BA16-63BF683E4DC0}.Release|Any CPU.Build.0 = Release|Any CPU
	EndGlobalSection
	GlobalSection(SolutionProperties) = preSolution
		HideSolutionNode = FALSE
	EndGlobalSection
EndGlobal
